// !$*UTF8*$!
{
	archiveVersion = 1;
	classes = {
	};
	objectVersion = 46;
	objects = {

/* Begin PBXBuildFile section */
		FFE53A431EEBFE2E003B3A10 /* AppDelegate.swift in Sources */ = {isa = PBXBuildFile; fileRef = FFE53A421EEBFE2E003B3A10 /* AppDelegate.swift */; };
		FFE53A451EEBFE2E003B3A10 /* ViewController.swift in Sources */ = {isa = PBXBuildFile; fileRef = FFE53A441EEBFE2E003B3A10 /* ViewController.swift */; };
		FFE53A481EEBFE2E003B3A10 /* Main.storyboard in Resources */ = {isa = PBXBuildFile; fileRef = FFE53A461EEBFE2E003B3A10 /* Main.storyboard */; };
		FFE53A4A1EEBFE2E003B3A10 /* Assets.xcassets in Resources */ = {isa = PBXBuildFile; fileRef = FFE53A491EEBFE2E003B3A10 /* Assets.xcassets */; };
		FFE53A4D1EEBFE2E003B3A10 /* LaunchScreen.storyboard in Resources */ = {isa = PBXBuildFile; fileRef = FFE53A4B1EEBFE2E003B3A10 /* LaunchScreen.storyboard */; };
		FFE53A581EEBFE2E003B3A10 /* Miracle_PillsTests.swift in Sources */ = {isa = PBXBuildFile; fileRef = FFE53A571EEBFE2E003B3A10 /* Miracle_PillsTests.swift */; };
		FFE53A631EEBFE2E003B3A10 /* Miracle_PillsUITests.swift in Sources */ = {isa = PBXBuildFile; fileRef = FFE53A621EEBFE2E003B3A10 /* Miracle_PillsUITests.swift */; };
/* End PBXBuildFile section */

/* Begin PBXContainerItemProxy section */
		FFE53A541EEBFE2E003B3A10 /* PBXContainerItemProxy */ = {
			isa = PBXContainerItemProxy;
			containerPortal = FFE53A371EEBFE2E003B3A10 /* Project object */;
			proxyType = 1;
			remoteGlobalIDString = FFE53A3E1EEBFE2E003B3A10;
			remoteInfo = "Miracle Pills";
		};
		FFE53A5F1EEBFE2E003B3A10 /* PBXContainerItemProxy */ = {
			isa = PBXContainerItemProxy;
			containerPortal = FFE53A371EEBFE2E003B3A10 /* Project object */;
			proxyType = 1;
			remoteGlobalIDString = FFE53A3E1EEBFE2E003B3A10;
			remoteInfo = "Miracle Pills";
		};
/* End PBXContainerItemProxy section */

/* Begin PBXFileReference section */
		FFE53A3F1EEBFE2E003B3A10 /* Miracle Pills.app */ = {isa = PBXFileReference; explicitFileType = wrapper.application; includeInIndex = 0; path = "Miracle Pills.app"; sourceTree = BUILT_PRODUCTS_DIR; };
		FFE53A421EEBFE2E003B3A10 /* AppDelegate.swift */ = {isa = PBXFileReference; lastKnownFileType = sourcecode.swift; path = AppDelegate.swift; sourceTree = "<group>"; };
		FFE53A441EEBFE2E003B3A10 /* ViewController.swift */ = {isa = PBXFileReference; lastKnownFileType = sourcecode.swift; path = ViewController.swift; sourceTree = "<group>"; };
		FFE53A471EEBFE2E003B3A10 /* Base */ = {isa = PBXFileReference; lastKnownFileType = file.storyboard; name = Base; path = Base.lproj/Main.storyboard; sourceTree = "<group>"; };
		FFE53A491EEBFE2E003B3A10 /* Assets.xcassets */ = {isa = PBXFileReference; lastKnownFileType = folder.assetcatalog; path = Assets.xcassets; sourceTree = "<group>"; };
		FFE53A4C1EEBFE2E003B3A10 /* Base */ = {isa = PBXFileReference; lastKnownFileType = file.storyboard; name = Base; path = Base.lproj/LaunchScreen.storyboard; sourceTree = "<group>"; };
		FFE53A4E1EEBFE2E003B3A10 /* Info.plist */ = {isa = PBXFileReference; lastKnownFileType = text.plist.xml; path = Info.plist; sourceTree = "<group>"; };
		FFE53A531EEBFE2E003B3A10 /* Miracle PillsTests.xctest */ = {isa = PBXFileReference; explicitFileType = wrapper.cfbundle; includeInIndex = 0; path = "Miracle PillsTests.xctest"; sourceTree = BUILT_PRODUCTS_DIR; };
		FFE53A571EEBFE2E003B3A10 /* Miracle_PillsTests.swift */ = {isa = PBXFileReference; lastKnownFileType = sourcecode.swift; path = Miracle_PillsTests.swift; sourceTree = "<group>"; };
		FFE53A591EEBFE2E003B3A10 /* Info.plist */ = {isa = PBXFileReference; lastKnownFileType = text.plist.xml; path = Info.plist; sourceTree = "<group>"; };
		FFE53A5E1EEBFE2E003B3A10 /* Miracle PillsUITests.xctest */ = {isa = PBXFileReference; explicitFileType = wrapper.cfbundle; includeInIndex = 0; path = "Miracle PillsUITests.xctest"; sourceTree = BUILT_PRODUCTS_DIR; };
		FFE53A621EEBFE2E003B3A10 /* Miracle_PillsUITests.swift */ = {isa = PBXFileReference; lastKnownFileType = sourcecode.swift; path = Miracle_PillsUITests.swift; sourceTree = "<group>"; };
		FFE53A641EEBFE2E003B3A10 /* Info.plist */ = {isa = PBXFileReference; lastKnownFileType = text.plist.xml; path = Info.plist; sourceTree = "<group>"; };
/* End PBXFileReference section */

/* Begin PBXFrameworksBuildPhase section */
		FFE53A3C1EEBFE2E003B3A10 /* Frameworks */ = {
			isa = PBXFrameworksBuildPhase;
			buildActionMask = 2147483647;
			files = (
			);
			runOnlyForDeploymentPostprocessing = 0;
		};
		FFE53A501EEBFE2E003B3A10 /* Frameworks */ = {
			isa = PBXFrameworksBuildPhase;
			buildActionMask = 2147483647;
			files = (
			);
			runOnlyForDeploymentPostprocessing = 0;
		};
		FFE53A5B1EEBFE2E003B3A10 /* Frameworks */ = {
			isa = PBXFrameworksBuildPhase;
			buildActionMask = 2147483647;
			files = (
			);
			runOnlyForDeploymentPostprocessing = 0;
		};
/* End PBXFrameworksBuildPhase section */

/* Begin PBXGroup section */
		FFE53A361EEBFE2E003B3A10 = {
			isa = PBXGroup;
			children = (
				FFE53A411EEBFE2E003B3A10 /* Miracle Pills */,
				FFE53A561EEBFE2E003B3A10 /* Miracle PillsTests */,
				FFE53A611EEBFE2E003B3A10 /* Miracle PillsUITests */,
				FFE53A401EEBFE2E003B3A10 /* Products */,
			);
			sourceTree = "<group>";
		};
		FFE53A401EEBFE2E003B3A10 /* Products */ = {
			isa = PBXGroup;
			children = (
				FFE53A3F1EEBFE2E003B3A10 /* Miracle Pills.app */,
				FFE53A531EEBFE2E003B3A10 /* Miracle PillsTests.xctest */,
				FFE53A5E1EEBFE2E003B3A10 /* Miracle PillsUITests.xctest */,
			);
			name = Products;
			sourceTree = "<group>";
		};
		FFE53A411EEBFE2E003B3A10 /* Miracle Pills */ = {
			isa = PBXGroup;
			children = (
				FFE53A421EEBFE2E003B3A10 /* AppDelegate.swift */,
				FFE53A441EEBFE2E003B3A10 /* ViewController.swift */,
				FFE53A461EEBFE2E003B3A10 /* Main.storyboard */,
				FFE53A491EEBFE2E003B3A10 /* Assets.xcassets */,
				FFE53A4B1EEBFE2E003B3A10 /* LaunchScreen.storyboard */,
				FFE53A4E1EEBFE2E003B3A10 /* Info.plist */,
			);
			path = "Miracle Pills";
			sourceTree = "<group>";
		};
		FFE53A561EEBFE2E003B3A10 /* Miracle PillsTests */ = {
			isa = PBXGroup;
			children = (
				FFE53A571EEBFE2E003B3A10 /* Miracle_PillsTests.swift */,
				FFE53A591EEBFE2E003B3A10 /* Info.plist */,
			);
			path = "Miracle PillsTests";
			sourceTree = "<group>";
		};
		FFE53A611EEBFE2E003B3A10 /* Miracle PillsUITests */ = {
			isa = PBXGroup;
			children = (
				FFE53A621EEBFE2E003B3A10 /* Miracle_PillsUITests.swift */,
				FFE53A641EEBFE2E003B3A10 /* Info.plist */,
			);
			path = "Miracle PillsUITests";
			sourceTree = "<group>";
		};
/* End PBXGroup section */

/* Begin PBXNativeTarget section */
		FFE53A3E1EEBFE2E003B3A10 /* Miracle Pills */ = {
			isa = PBXNativeTarget;
			buildConfigurationList = FFE53A671EEBFE2E003B3A10 /* Build configuration list for PBXNativeTarget "Miracle Pills" */;
			buildPhases = (
				FFE53A3B1EEBFE2E003B3A10 /* Sources */,
				FFE53A3C1EEBFE2E003B3A10 /* Frameworks */,
				FFE53A3D1EEBFE2E003B3A10 /* Resources */,
			);
			buildRules = (
			);
			dependencies = (
			);
			name = "Miracle Pills";
			productName = "Miracle Pills";
			productReference = FFE53A3F1EEBFE2E003B3A10 /* Miracle Pills.app */;
			productType = "com.apple.product-type.application";
		};
		FFE53A521EEBFE2E003B3A10 /* Miracle PillsTests */ = {
			isa = PBXNativeTarget;
			buildConfigurationList = FFE53A6A1EEBFE2E003B3A10 /* Build configuration list for PBXNativeTarget "Miracle PillsTests" */;
			buildPhases = (
				FFE53A4F1EEBFE2E003B3A10 /* Sources */,
				FFE53A501EEBFE2E003B3A10 /* Frameworks */,
				FFE53A511EEBFE2E003B3A10 /* Resources */,
			);
			buildRules = (
			);
			dependencies = (
				FFE53A551EEBFE2E003B3A10 /* PBXTargetDependency */,
			);
			name = "Miracle PillsTests";
			productName = "Miracle PillsTests";
			productReference = FFE53A531EEBFE2E003B3A10 /* Miracle PillsTests.xctest */;
			productType = "com.apple.product-type.bundle.unit-test";
		};
		FFE53A5D1EEBFE2E003B3A10 /* Miracle PillsUITests */ = {
			isa = PBXNativeTarget;
			buildConfigurationList = FFE53A6D1EEBFE2E003B3A10 /* Build configuration list for PBXNativeTarget "Miracle PillsUITests" */;
			buildPhases = (
				FFE53A5A1EEBFE2E003B3A10 /* Sources */,
				FFE53A5B1EEBFE2E003B3A10 /* Frameworks */,
				FFE53A5C1EEBFE2E003B3A10 /* Resources */,
			);
			buildRules = (
			);
			dependencies = (
				FFE53A601EEBFE2E003B3A10 /* PBXTargetDependency */,
			);
			name = "Miracle PillsUITests";
			productName = "Miracle PillsUITests";
			productReference = FFE53A5E1EEBFE2E003B3A10 /* Miracle PillsUITests.xctest */;
			productType = "com.apple.product-type.bundle.ui-testing";
		};
/* End PBXNativeTarget section */

/* Begin PBXProject section */
		FFE53A371EEBFE2E003B3A10 /* Project object */ = {
			isa = PBXProject;
			attributes = {
				LastSwiftUpdateCheck = 0820;
				LastUpgradeCheck = 0820;
				ORGANIZATIONNAME = "mor sigler";
				TargetAttributes = {
					FFE53A3E1EEBFE2E003B3A10 = {
						CreatedOnToolsVersion = 8.2.1;
						ProvisioningStyle = Automatic;
					};
					FFE53A521EEBFE2E003B3A10 = {
						CreatedOnToolsVersion = 8.2.1;
						ProvisioningStyle = Automatic;
						TestTargetID = FFE53A3E1EEBFE2E003B3A10;
					};
					FFE53A5D1EEBFE2E003B3A10 = {
						CreatedOnToolsVersion = 8.2.1;
						ProvisioningStyle = Automatic;
						TestTargetID = FFE53A3E1EEBFE2E003B3A10;
					};
				};
			};
			buildConfigurationList = FFE53A3A1EEBFE2E003B3A10 /* Build configuration list for PBXProject "Miracle Pills" */;
			compatibilityVersion = "Xcode 3.2";
			developmentRegion = English;
			hasScannedForEncodings = 0;
			knownRegions = (
				en,
				Base,
			);
			mainGroup = FFE53A361EEBFE2E003B3A10;
			productRefGroup = FFE53A401EEBFE2E003B3A10 /* Products */;
			projectDirPath = "";
			projectRoot = "";
			targets = (
				FFE53A3E1EEBFE2E003B3A10 /* Miracle Pills */,
				FFE53A521EEBFE2E003B3A10 /* Miracle PillsTests */,
				FFE53A5D1EEBFE2E003B3A10 /* Miracle PillsUITests */,
			);
		};
/* End PBXProject section */

/* Begin PBXResourcesBuildPhase section */
		FFE53A3D1EEBFE2E003B3A10 /* Resources */ = {
			isa = PBXResourcesBuildPhase;
			buildActionMask = 2147483647;
			files = (
				FFE53A4D1EEBFE2E003B3A10 /* LaunchScreen.storyboard in Resources */,
				FFE53A4A1EEBFE2E003B3A10 /* Assets.xcassets in Resources */,
				FFE53A481EEBFE2E003B3A10 /* Main.storyboard in Resources */,
			);
			runOnlyForDeploymentPostprocessing = 0;
		};
		FFE53A511EEBFE2E003B3A10 /* Resources */ = {
			isa = PBXResourcesBuildPhase;
			buildActionMask = 2147483647;
			files = (
			);
			runOnlyForDeploymentPostprocessing = 0;
		};
		FFE53A5C1EEBFE2E003B3A10 /* Resources */ = {
			isa = PBXResourcesBuildPhase;
			buildActionMask = 2147483647;
			files = (
			);
			runOnlyForDeploymentPostprocessing = 0;
		};
/* End PBXResourcesBuildPhase section */

/* Begin PBXSourcesBuildPhase section */
		FFE53A3B1EEBFE2E003B3A10 /* Sources */ = {
			isa = PBXSourcesBuildPhase;
			buildActionMask = 2147483647;
			files = (
				FFE53A451EEBFE2E003B3A10 /* ViewController.swift in Sources */,
				FFE53A431EEBFE2E003B3A10 /* AppDelegate.swift in Sources */,
			);
			runOnlyForDeploymentPostprocessing = 0;
		};
		FFE53A4F1EEBFE2E003B3A10 /* Sources */ = {
			isa = PBXSourcesBuildPhase;
			buildActionMask = 2147483647;
			files = (
				FFE53A581EEBFE2E003B3A10 /* Miracle_PillsTests.swift in Sources */,
			);
			runOnlyForDeploymentPostprocessing = 0;
		};
		FFE53A5A1EEBFE2E003B3A10 /* Sources */ = {
			isa = PBXSourcesBuildPhase;
			buildActionMask = 2147483647;
			files = (
				FFE53A631EEBFE2E003B3A10 /* Miracle_PillsUITests.swift in Sources */,
			);
			runOnlyForDeploymentPostprocessing = 0;
		};
/* End PBXSourcesBuildPhase section */

/* Begin PBXTargetDependency section */
		FFE53A551EEBFE2E003B3A10 /* PBXTargetDependency */ = {
			isa = PBXTargetDependency;
			target = FFE53A3E1EEBFE2E003B3A10 /* Miracle Pills */;
			targetProxy = FFE53A541EEBFE2E003B3A10 /* PBXContainerItemProxy */;
		};
		FFE53A601EEBFE2E003B3A10 /* PBXTargetDependency */ = {
			isa = PBXTargetDependency;
			target = FFE53A3E1EEBFE2E003B3A10 /* Miracle Pills */;
			targetProxy = FFE53A5F1EEBFE2E003B3A10 /* PBXContainerItemProxy */;
		};
/* End PBXTargetDependency section */

/* Begin PBXVariantGroup section */
		FFE53A461EEBFE2E003B3A10 /* Main.storyboard */ = {
			isa = PBXVariantGroup;
			children = (
				FFE53A471EEBFE2E003B3A10 /* Base */,
			);
			name = Main.storyboard;
			sourceTree = "<group>";
		};
		FFE53A4B1EEBFE2E003B3A10 /* LaunchScreen.storyboard */ = {
			isa = PBXVariantGroup;
			children = (
				FFE53A4C1EEBFE2E003B3A10 /* Base */,
			);
			name = LaunchScreen.storyboard;
			sourceTree = "<group>";
		};
/* End PBXVariantGroup section */

/* Begin XCBuildConfiguration section */
		FFE53A651EEBFE2E003B3A10 /* Debug */ = {
			isa = XCBuildConfiguration;
			buildSettings = {
				ALWAYS_SEARCH_USER_PATHS = NO;
				CLANG_ANALYZER_NONNULL = YES;
				CLANG_CXX_LANGUAGE_STANDARD = "gnu++0x";
				CLANG_CXX_LIBRARY = "libc++";
				CLANG_ENABLE_MODULES = YES;
				CLANG_ENABLE_OBJC_ARC = YES;
				CLANG_WARN_BOOL_CONVERSION = YES;
				CLANG_WARN_CONSTANT_CONVERSION = YES;
				CLANG_WARN_DIRECT_OBJC_ISA_USAGE = YES_ERROR;
				CLANG_WARN_DOCUMENTATION_COMMENTS = YES;
				CLANG_WARN_EMPTY_BODY = YES;
				CLANG_WARN_ENUM_CONVERSION = YES;
				CLANG_WARN_INFINITE_RECURSION = YES;
				CLANG_WARN_INT_CONVERSION = YES;
				CLANG_WARN_OBJC_ROOT_CLASS = YES_ERROR;
				CLANG_WARN_SUSPICIOUS_MOVE = YES;
				CLANG_WARN_UNREACHABLE_CODE = YES;
				CLANG_WARN__DUPLICATE_METHOD_MATCH = YES;
				"CODE_SIGN_IDENTITY[sdk=iphoneos*]" = "iPhone Developer";
				COPY_PHASE_STRIP = NO;
				DEBUG_INFORMATION_FORMAT = dwarf;
				ENABLE_STRICT_OBJC_MSGSEND = YES;
				ENABLE_TESTABILITY = YES;
				GCC_C_LANGUAGE_STANDARD = gnu99;
				GCC_DYNAMIC_NO_PIC = NO;
				GCC_NO_COMMON_BLOCKS = YES;
				GCC_OPTIMIZATION_LEVEL = 0;
				GCC_PREPROCESSOR_DEFINITIONS = (
					"DEBUG=1",
					"$(inherited)",
				);
				GCC_WARN_64_TO_32_BIT_CONVERSION = YES;
				GCC_WARN_ABOUT_RETURN_TYPE = YES_ERROR;
				GCC_WARN_UNDECLARED_SELECTOR = YES;
				GCC_WARN_UNINITIALIZED_AUTOS = YES_AGGRESSIVE;
				GCC_WARN_UNUSED_FUNCTION = YES;
				GCC_WARN_UNUSED_VARIABLE = YES;
				IPHONEOS_DEPLOYMENT_TARGET = 10.2;
				MTL_ENABLE_DEBUG_INFO = YES;
				ONLY_ACTIVE_ARCH = YES;
				SDKROOT = iphoneos;
				SWIFT_ACTIVE_COMPILATION_CONDITIONS = DEBUG;
				SWIFT_OPTIMIZATION_LEVEL = "-Onone";
			};
			name = Debug;
		};
		FFE53A661EEBFE2E003B3A10 /* Release */ = {
			isa = XCBuildConfiguration;
			buildSettings = {
				ALWAYS_SEARCH_USER_PATHS = NO;
				CLANG_ANALYZER_NONNULL = YES;
				CLANG_CXX_LANGUAGE_STANDARD = "gnu++0x";
				CLANG_CXX_LIBRARY = "libc++";
				CLANG_ENABLE_MODULES = YES;
				CLANG_ENABLE_OBJC_ARC = YES;
				CLANG_WARN_BOOL_CONVERSION = YES;
				CLANG_WARN_CONSTANT_CONVERSION = YES;
				CLANG_WARN_DIRECT_OBJC_ISA_USAGE = YES_ERROR;
				CLANG_WARN_DOCUMENTATION_COMMENTS = YES;
				CLANG_WARN_EMPTY_BODY = YES;
				CLANG_WARN_ENUM_CONVERSION = YES;
				CLANG_WARN_INFINITE_RECURSION = YES;
				CLANG_WARN_INT_CONVERSION = YES;
				CLANG_WARN_OBJC_ROOT_CLASS = YES_ERROR;
				CLANG_WARN_SUSPICIOUS_MOVE = YES;
				CLANG_WARN_UNREACHABLE_CODE = YES;
				CLANG_WARN__DUPLICATE_METHOD_MATCH = YES;
				"CODE_SIGN_IDENTITY[sdk=iphoneos*]" = "iPhone Developer";
				COPY_PHASE_STRIP = NO;
				DEBUG_INFORMATION_FORMAT = "dwarf-with-dsym";
				ENABLE_NS_ASSERTIONS = NO;
				ENABLE_STRICT_OBJC_MSGSEND = YES;
				GCC_C_LANGUAGE_STANDARD = gnu99;
				GCC_NO_COMMON_BLOCKS = YES;
				GCC_WARN_64_TO_32_BIT_CONVERSION = YES;
				GCC_WARN_ABOUT_RETURN_TYPE = YES_ERROR;
				GCC_WARN_UNDECLARED_SELECTOR = YES;
				GCC_WARN_UNINITIALIZED_AUTOS = YES_AGGRESSIVE;
				GCC_WARN_UNUSED_FUNCTION = YES;
				GCC_WARN_UNUSED_VARIABLE = YES;
				IPHONEOS_DEPLOYMENT_TARGET = 10.2;
				MTL_ENABLE_DEBUG_INFO = NO;
				SDKROOT = iphoneos;
				SWIFT_OPTIMIZATION_LEVEL = "-Owholemodule";
				VALIDATE_PRODUCT = YES;
			};
			name = Release;
		};
		FFE53A681EEBFE2E003B3A10 /* Debug */ = {
			isa = XCBuildConfiguration;
			buildSettings = {
				ASSETCATALOG_COMPILER_APPICON_NAME = AppIcon;
				INFOPLIST_FILE = "Miracle Pills/Info.plist";
				LD_RUNPATH_SEARCH_PATHS = "$(inherited) @executable_path/Frameworks";
				PRODUCT_BUNDLE_IDENTIFIER = "com.mor.Miracle-Pills";
				PRODUCT_NAME = "$(TARGET_NAME)";
				SWIFT_VERSION = 3.0;
			};
			name = Debug;
		};
		FFE53A691EEBFE2E003B3A10 /* Release */ = {
			isa = XCBuildConfiguration;
			buildSettings = {
				ASSETCATALOG_COMPILER_APPICON_NAME = AppIcon;
				INFOPLIST_FILE = "Miracle Pills/Info.plist";
				LD_RUNPATH_SEARCH_PATHS = "$(inherited) @executable_path/Frameworks";
				PRODUCT_BUNDLE_IDENTIFIER = "com.mor.Miracle-Pills";
				PRODUCT_NAME = "$(TARGET_NAME)";
				SWIFT_VERSION = 3.0;
			};
			name = Release;
		};
		FFE53A6B1EEBFE2E003B3A10 /* Debug */ = {
			isa = XCBuildConfiguration;
			buildSettings = {
				ALWAYS_EMBED_SWIFT_STANDARD_LIBRARIES = YES;
				BUNDLE_LOADER = "$(TEST_HOST)";
				INFOPLIST_FILE = "Miracle PillsTests/Info.plist";
				LD_RUNPATH_SEARCH_PATHS = "$(inherited) @executable_path/Frameworks @loader_path/Frameworks";
				PRODUCT_BUNDLE_IDENTIFIER = "com.mor.Miracle-PillsTests";
				PRODUCT_NAME = "$(TARGET_NAME)";
				SWIFT_VERSION = 3.0;
				TEST_HOST = "$(BUILT_PRODUCTS_DIR)/Miracle Pills.app/Miracle Pills";
			};
			name = Debug;
		};
		FFE53A6C1EEBFE2E003B3A10 /* Release */ = {
			isa = XCBuildConfiguration;
			buildSettings = {
				ALWAYS_EMBED_SWIFT_STANDARD_LIBRARIES = YES;
				BUNDLE_LOADER = "$(TEST_HOST)";
				INFOPLIST_FILE = "Miracle PillsTests/Info.plist";
				LD_RUNPATH_SEARCH_PATHS = "$(inherited) @executable_path/Frameworks @loader_path/Frameworks";
				PRODUCT_BUNDLE_IDENTIFIER = "com.mor.Miracle-PillsTests";
				PRODUCT_NAME = "$(TARGET_NAME)";
				SWIFT_VERSION = 3.0;
				TEST_HOST = "$(BUILT_PRODUCTS_DIR)/Miracle Pills.app/Miracle Pills";
			};
			name = Release;
		};
		FFE53A6E1EEBFE2E003B3A10 /* Debug */ = {
			isa = XCBuildConfiguration;
			buildSettings = {
				ALWAYS_EMBED_SWIFT_STANDARD_LIBRARIES = YES;
				INFOPLIST_FILE = "Miracle PillsUITests/Info.plist";
				LD_RUNPATH_SEARCH_PATHS = "$(inherited) @executable_path/Frameworks @loader_path/Frameworks";
				PRODUCT_BUNDLE_IDENTIFIER = "com.mor.Miracle-PillsUITests";
				PRODUCT_NAME = "$(TARGET_NAME)";
				SWIFT_VERSION = 3.0;
				TEST_TARGET_NAME = "Miracle Pills";
			};
			name = Debug;
		};
		FFE53A6F1EEBFE2E003B3A10 /* Release */ = {
			isa = XCBuildConfiguration;
			buildSettings = {
				ALWAYS_EMBED_SWIFT_STANDARD_LIBRARIES = YES;
				INFOPLIST_FILE = "Miracle PillsUITests/Info.plist";
				LD_RUNPATH_SEARCH_PATHS = "$(inherited) @executable_path/Frameworks @loader_path/Frameworks";
				PRODUCT_BUNDLE_IDENTIFIER = "com.mor.Miracle-PillsUITests";
				PRODUCT_NAME = "$(TARGET_NAME)";
				SWIFT_VERSION = 3.0;
				TEST_TARGET_NAME = "Miracle Pills";
			};
			name = Release;
		};
/* End XCBuildConfiguration section */

/* Begin XCConfigurationList section */
		FFE53A3A1EEBFE2E003B3A10 /* Build configuration list for PBXProject "Miracle Pills" */ = {
			isa = XCConfigurationList;
			buildConfigurations = (
				FFE53A651EEBFE2E003B3A10 /* Debug */,
				FFE53A661EEBFE2E003B3A10 /* Release */,
			);
			defaultConfigurationIsVisible = 0;
			defaultConfigurationName = Release;
		};
		FFE53A671EEBFE2E003B3A10 /* Build configuration list for PBXNativeTarget "Miracle Pills" */ = {
			isa = XCConfigurationList;
			buildConfigurations = (
				FFE53A681EEBFE2E003B3A10 /* Debug */,
				FFE53A691EEBFE2E003B3A10 /* Release */,
			);
			defaultConfigurationIsVisible = 0;
		};
		FFE53A6A1EEBFE2E003B3A10 /* Build configuration list for PBXNativeTarget "Miracle PillsTests" */ = {
			isa = XCConfigurationList;
			buildConfigurations = (
				FFE53A6B1EEBFE2E003B3A10 /* Debug */,
				FFE53A6C1EEBFE2E003B3A10 /* Release */,
			);
			defaultConfigurationIsVisible = 0;
		};
		FFE53A6D1EEBFE2E003B3A10 /* Build configuration list for PBXNativeTarget "Miracle PillsUITests" */ = {
			isa = XCConfigurationList;
			buildConfigurations = (
				FFE53A6E1EEBFE2E003B3A10 /* Debug */,
				FFE53A6F1EEBFE2E003B3A10 /* Release */,
			);
			defaultConfigurationIsVisible = 0;
		};
/* End XCConfigurationList section */
	};
	rootObject = FFE53A371EEBFE2E003B3A10 /* Project object */;
}
